
Microsoft Visual Studio Solution File, Format Version 12.00
# Visual Studio Version 17
VisualStudioVersion = 17.0.32112.339
MinimumVisualStudioVersion = 10.0.40219.1
Project("{9A19103F-16F7-4668-BE54-9A1E7A4F7556}") = "ITI.QUIKAPI.MicroServices", "ITI.QUIKAPI.MicroServices\ITI.QUIKAPI.MicroServices.csproj", "{68F83EAD-F14F-45A4-BB43-E8D8D8F44F86}"
EndProject
Project("{9A19103F-16F7-4668-BE54-9A1E7A4F7556}") = "QuikAPIBrlService", "SpotBrlService\QuikAPIBrlService.csproj", "{9EC1673A-6B6D-4F91-824B-E12F4D389C9A}"
EndProject
Project("{9A19103F-16F7-4668-BE54-9A1E7A4F7556}") = "DataAbstraction", "DataAbstraction\DataAbstraction.csproj", "{C83C3703-2A20-49CC-8B89-39124CB74801}"
EndProject
Project("{9A19103F-16F7-4668-BE54-9A1E7A4F7556}") = "DataValidationService", "DataValidationService\DataValidationService.csproj", "{5C8A0AC6-2D04-415F-A680-305DF30BF2D5}"
EndProject
Project("{9A19103F-16F7-4668-BE54-9A1E7A4F7556}") = "CommonServices", "CommonServices\CommonServices.csproj", "{C8343BED-711B-430A-8172-5BCADEA9AFC1}"
EndProject
Project("{9A19103F-16F7-4668-BE54-9A1E7A4F7556}") = "QuikSftpService", "QuikSftpService\QuikSftpService.csproj", "{B9CB0951-E533-4C59-9D72-10F7E68ACC91}"
EndProject
Project("{FAE04EC0-301F-11D3-BF4B-00C04F79EFBC}") = "QuikDataBaseRepository", "QuikDataBaseRepository\QuikDataBaseRepository.csproj", "{957CA4DF-52FC-49F9-88BA-DBC1F655252E}"
EndProject
Global
	GlobalSection(SolutionConfigurationPlatforms) = preSolution
		Debug|Any CPU = Debug|Any CPU
		Debug|x64 = Debug|x64
		Debug|x86 = Debug|x86
		Release|Any CPU = Release|Any CPU
		Release|x64 = Release|x64
		Release|x86 = Release|x86
	EndGlobalSection
	GlobalSection(ProjectConfigurationPlatforms) = postSolution
		{68F83EAD-F14F-45A4-BB43-E8D8D8F44F86}.Debug|Any CPU.ActiveCfg = Debug|Any CPU
		{68F83EAD-F14F-45A4-BB43-E8D8D8F44F86}.Debug|Any CPU.Build.0 = Debug|Any CPU
		{68F83EAD-F14F-45A4-BB43-E8D8D8F44F86}.Debug|x64.ActiveCfg = Debug|x64
		{68F83EAD-F14F-45A4-BB43-E8D8D8F44F86}.Debug|x64.Build.0 = Debug|x64
		{68F83EAD-F14F-45A4-BB43-E8D8D8F44F86}.Debug|x86.ActiveCfg = Debug|x86
		{68F83EAD-F14F-45A4-BB43-E8D8D8F44F86}.Debug|x86.Build.0 = Debug|x86
		{68F83EAD-F14F-45A4-BB43-E8D8D8F44F86}.Release|Any CPU.ActiveCfg = Release|Any CPU
		{68F83EAD-F14F-45A4-BB43-E8D8D8F44F86}.Release|Any CPU.Build.0 = Release|Any CPU
		{68F83EAD-F14F-45A4-BB43-E8D8D8F44F86}.Release|x64.ActiveCfg = Release|x64
		{68F83EAD-F14F-45A4-BB43-E8D8D8F44F86}.Release|x64.Build.0 = Release|x64
		{68F83EAD-F14F-45A4-BB43-E8D8D8F44F86}.Release|x86.ActiveCfg = Release|x86
		{68F83EAD-F14F-45A4-BB43-E8D8D8F44F86}.Release|x86.Build.0 = Release|x86
		{9EC1673A-6B6D-4F91-824B-E12F4D389C9A}.Debug|Any CPU.ActiveCfg = Debug|Any CPU
		{9EC1673A-6B6D-4F91-824B-E12F4D389C9A}.Debug|Any CPU.Build.0 = Debug|Any CPU
		{9EC1673A-6B6D-4F91-824B-E12F4D389C9A}.Debug|x64.ActiveCfg = Debug|x64
		{9EC1673A-6B6D-4F91-824B-E12F4D389C9A}.Debug|x64.Build.0 = Debug|x64
		{9EC1673A-6B6D-4F91-824B-E12F4D389C9A}.Debug|x86.ActiveCfg = Debug|x86
		{9EC1673A-6B6D-4F91-824B-E12F4D389C9A}.Debug|x86.Build.0 = Debug|x86
		{9EC1673A-6B6D-4F91-824B-E12F4D389C9A}.Release|Any CPU.ActiveCfg = Release|Any CPU
		{9EC1673A-6B6D-4F91-824B-E12F4D389C9A}.Release|Any CPU.Build.0 = Release|Any CPU
		{9EC1673A-6B6D-4F91-824B-E12F4D389C9A}.Release|x64.ActiveCfg = Release|x64
		{9EC1673A-6B6D-4F91-824B-E12F4D389C9A}.Release|x64.Build.0 = Release|x64
		{9EC1673A-6B6D-4F91-824B-E12F4D389C9A}.Release|x86.ActiveCfg = Release|x86
		{9EC1673A-6B6D-4F91-824B-E12F4D389C9A}.Release|x86.Build.0 = Release|x86
		{C83C3703-2A20-49CC-8B89-39124CB74801}.Debug|Any CPU.ActiveCfg = Debug|Any CPU
		{C83C3703-2A20-49CC-8B89-39124CB74801}.Debug|Any CPU.Build.0 = Debug|Any CPU
		{C83C3703-2A20-49CC-8B89-39124CB74801}.Debug|x64.ActiveCfg = Debug|Any CPU
		{C83C3703-2A20-49CC-8B89-39124CB74801}.Debug|x64.Build.0 = Debug|Any CPU
		{C83C3703-2A20-49CC-8B89-39124CB74801}.Debug|x86.ActiveCfg = Debug|x86
		{C83C3703-2A20-49CC-8B89-39124CB74801}.Debug|x86.Build.0 = Debug|x86
		{C83C3703-2A20-49CC-8B89-39124CB74801}.Release|Any CPU.ActiveCfg = Release|Any CPU
		{C83C3703-2A20-49CC-8B89-39124CB74801}.Release|Any CPU.Build.0 = Release|Any CPU
		{C83C3703-2A20-49CC-8B89-39124CB74801}.Release|x64.ActiveCfg = Release|Any CPU
		{C83C3703-2A20-49CC-8B89-39124CB74801}.Release|x64.Build.0 = Release|Any CPU
		{C83C3703-2A20-49CC-8B89-39124CB74801}.Release|x86.ActiveCfg = Release|x86
		{C83C3703-2A20-49CC-8B89-39124CB74801}.Release|x86.Build.0 = Release|x86
		{5C8A0AC6-2D04-415F-A680-305DF30BF2D5}.Debug|Any CPU.ActiveCfg = Debug|Any CPU
		{5C8A0AC6-2D04-415F-A680-305DF30BF2D5}.Debug|Any CPU.Build.0 = Debug|Any CPU
		{5C8A0AC6-2D04-415F-A680-305DF30BF2D5}.Debug|x64.ActiveCfg = Debug|Any CPU
		{5C8A0AC6-2D04-415F-A680-305DF30BF2D5}.Debug|x64.Build.0 = Debug|Any CPU
		{5C8A0AC6-2D04-415F-A680-305DF30BF2D5}.Debug|x86.ActiveCfg = Debug|x86
		{5C8A0AC6-2D04-415F-A680-305DF30BF2D5}.Debug|x86.Build.0 = Debug|x86
		{5C8A0AC6-2D04-415F-A680-305DF30BF2D5}.Release|Any CPU.ActiveCfg = Release|Any CPU
		{5C8A0AC6-2D04-415F-A680-305DF30BF2D5}.Release|Any CPU.Build.0 = Release|Any CPU
		{5C8A0AC6-2D04-415F-A680-305DF30BF2D5}.Release|x64.ActiveCfg = Release|Any CPU
		{5C8A0AC6-2D04-415F-A680-305DF30BF2D5}.Release|x64.Build.0 = Release|Any CPU
		{5C8A0AC6-2D04-415F-A680-305DF30BF2D5}.Release|x86.ActiveCfg = Release|x86
		{5C8A0AC6-2D04-415F-A680-305DF30BF2D5}.Release|x86.Build.0 = Release|x86
		{C8343BED-711B-430A-8172-5BCADEA9AFC1}.Debug|Any CPU.ActiveCfg = Debug|Any CPU
		{C8343BED-711B-430A-8172-5BCADEA9AFC1}.Debug|Any CPU.Build.0 = Debug|Any CPU
		{C8343BED-711B-430A-8172-5BCADEA9AFC1}.Debug|x64.ActiveCfg = Debug|Any CPU
		{C8343BED-711B-430A-8172-5BCADEA9AFC1}.Debug|x64.Build.0 = Debug|Any CPU
		{C8343BED-711B-430A-8172-5BCADEA9AFC1}.Debug|x86.ActiveCfg = Debug|x86
		{C8343BED-711B-430A-8172-5BCADEA9AFC1}.Debug|x86.Build.0 = Debug|x86
		{C8343BED-711B-430A-8172-5BCADEA9AFC1}.Release|Any CPU.ActiveCfg = Release|Any CPU
		{C8343BED-711B-430A-8172-5BCADEA9AFC1}.Release|Any CPU.Build.0 = Release|Any CPU
		{C8343BED-711B-430A-8172-5BCADEA9AFC1}.Release|x64.ActiveCfg = Release|Any CPU
		{C8343BED-711B-430A-8172-5BCADEA9AFC1}.Release|x64.Build.0 = Release|Any CPU
		{C8343BED-711B-430A-8172-5BCADEA9AFC1}.Release|x86.ActiveCfg = Release|x86
		{C8343BED-711B-430A-8172-5BCADEA9AFC1}.Release|x86.Build.0 = Release|x86
		{B9CB0951-E533-4C59-9D72-10F7E68ACC91}.Debug|Any CPU.ActiveCfg = Debug|Any CPU
		{B9CB0951-E533-4C59-9D72-10F7E68ACC91}.Debug|Any CPU.Build.0 = Debug|Any CPU
		{B9CB0951-E533-4C59-9D72-10F7E68ACC91}.Debug|x64.ActiveCfg = Debug|Any CPU
		{B9CB0951-E533-4C59-9D72-10F7E68ACC91}.Debug|x64.Build.0 = Debug|Any CPU
		{B9CB0951-E533-4C59-9D72-10F7E68ACC91}.Debug|x86.ActiveCfg = Debug|Any CPU
		{B9CB0951-E533-4C59-9D72-10F7E68ACC91}.Debug|x86.Build.0 = Debug|Any CPU
		{B9CB0951-E533-4C59-9D72-10F7E68ACC91}.Release|Any CPU.ActiveCfg = Release|Any CPU
		{B9CB0951-E533-4C59-9D72-10F7E68ACC91}.Release|Any CPU.Build.0 = Release|Any CPU
		{B9CB0951-E533-4C59-9D72-10F7E68ACC91}.Release|x64.ActiveCfg = Release|Any CPU
		{B9CB0951-E533-4C59-9D72-10F7E68ACC91}.Release|x64.Build.0 = Release|Any CPU
		{B9CB0951-E533-4C59-9D72-10F7E68ACC91}.Release|x86.ActiveCfg = Release|Any CPU
		{B9CB0951-E533-4C59-9D72-10F7E68ACC91}.Release|x86.Build.0 = Release|Any CPU
		{957CA4DF-52FC-49F9-88BA-DBC1F655252E}.Debug|Any CPU.ActiveCfg = Debug|Any CPU
		{957CA4DF-52FC-49F9-88BA-DBC1F655252E}.Debug|Any CPU.Build.0 = Debug|Any CPU
		{957CA4DF-52FC-49F9-88BA-DBC1F655252E}.Debug|x64.ActiveCfg = Debug|Any CPU
		{957CA4DF-52FC-49F9-88BA-DBC1F655252E}.Debug|x64.Build.0 = Debug|Any CPU
		{957CA4DF-52FC-49F9-88BA-DBC1F655252E}.Debug|x86.ActiveCfg = Debug|Any CPU
		{957CA4DF-52FC-49F9-88BA-DBC1F655252E}.Debug|x86.Build.0 = Debug|Any CPU
		{957CA4DF-52FC-49F9-88BA-DBC1F655252E}.Release|Any CPU.ActiveCfg = Release|Any CPU
		{957CA4DF-52FC-49F9-88BA-DBC1F655252E}.Release|Any CPU.Build.0 = Release|Any CPU
		{957CA4DF-52FC-49F9-88BA-DBC1F655252E}.Release|x64.ActiveCfg = Release|Any CPU
		{957CA4DF-52FC-49F9-88BA-DBC1F655252E}.Release|x64.Build.0 = Release|Any CPU
		{957CA4DF-52FC-49F9-88BA-DBC1F655252E}.Release|x86.ActiveCfg = Release|Any CPU
		{957CA4DF-52FC-49F9-88BA-DBC1F655252E}.Release|x86.Build.0 = Release|Any CPU
	EndGlobalSection
	GlobalSection(SolutionProperties) = preSolution
		HideSolutionNode = FALSE
	EndGlobalSection
	GlobalSection(ExtensibilityGlobals) = postSolution
		SolutionGuid = {AA4FA71D-FA55-45DE-B279-ECBFF28EB92A}
	EndGlobalSection
EndGlobal
